Microsoft Visual Studio Solution File, Format Version 12.00
# Visual Studio 14 
Project("{8BC9CEB8-8B4A-11D0-8D11-00A0C91BC942}") = "LayerFormat", "LayerFormat.vcxproj", "{BA1C6B6B-58DD-4599-A7DD-D772C107AD5F}"
EndProject
Global
	GlobalSection(SolutionConfigurationPlatforms) = preSolution
		Debug|Win32 = Debug|Win32
		Debug|x64 = Debug|x64
	EndGlobalSection
	GlobalSection(ProjectConfigurationPlatforms) = postSolution
		{BA1C6B6B-58DD-4599-A7DD-D772C107AD5F}.Debug|Win32.ActiveCfg = Debug|Win32
		{BA1C6B6B-58DD-4599-A7DD-D772C107AD5F}.Debug|Win32.Build.0 = Debug|Win32
		{BA1C6B6B-58DD-4599-A7DD-D772C107AD5F}.Debug|x64.ActiveCfg = Debug|x64
		{BA1C6B6B-58DD-4599-A7DD-D772C107AD5F}.Debug|x64.Build.0 = Debug|x64
	EndGlobalSection
	GlobalSection(SolutionProperties) = preSolution
		HideSolutionNode = FALSE
	EndGlobalSection
EndGlobal
