
Microsoft Visual Studio Solution File, Format Version 11.00
# Visual Studio 2010
Project("{8BC9CEB8-8B4A-11D0-8D11-00A0C91BC942}") = "Templated", "Templated\Templated.vcxproj", "{8427AE9C-5467-435C-BC7B-93C68096FDDA}"
EndProject
Global
	GlobalSection(SolutionConfigurationPlatforms) = preSolution
		Debug|Win32 = Debug|Win32
		Release|Win32 = Release|Win32
	EndGlobalSection
	GlobalSection(ProjectConfigurationPlatforms) = postSolution
		{8427AE9C-5467-435C-BC7B-93C68096FDDA}.Debug|Win32.ActiveCfg = Debug|Win32
		{8427AE9C-5467-435C-BC7B-93C68096FDDA}.Debug|Win32.Build.0 = Debug|Win32
		{8427AE9C-5467-435C-BC7B-93C68096FDDA}.Release|Win32.ActiveCfg = Release|Win32
		{8427AE9C-5467-435C-BC7B-93C68096FDDA}.Release|Win32.Build.0 = Release|Win32
	EndGlobalSection
	GlobalSection(SolutionProperties) = preSolution
		HideSolutionNode = FALSE
	EndGlobalSection
EndGlobal
