
Microsoft Visual Studio Solution File, Format Version 12.00
# Visual Studio 2012
Project("{8BC9CEB8-8B4A-11D0-8D11-00A0C91BC942}") = "NeuralNet_BinaryClassifier_Tharp_Fall2014", "NeuralNet_BinaryClassifier_Tharp_Fall2014.vcxproj", "{CC5A7298-E888-4647-93A1-BFC0097AAFC6}"
EndProject
Global
	GlobalSection(SolutionConfigurationPlatforms) = preSolution
		Debug|Win32 = Debug|Win32
		Release|Win32 = Release|Win32
	EndGlobalSection
	GlobalSection(ProjectConfigurationPlatforms) = postSolution
		{CC5A7298-E888-4647-93A1-BFC0097AAFC6}.Debug|Win32.ActiveCfg = Debug|Win32
		{CC5A7298-E888-4647-93A1-BFC0097AAFC6}.Debug|Win32.Build.0 = Debug|Win32
		{CC5A7298-E888-4647-93A1-BFC0097AAFC6}.Release|Win32.ActiveCfg = Release|Win32
		{CC5A7298-E888-4647-93A1-BFC0097AAFC6}.Release|Win32.Build.0 = Release|Win32
	EndGlobalSection
	GlobalSection(SolutionProperties) = preSolution
		HideSolutionNode = FALSE
	EndGlobalSection
EndGlobal
