Microsoft Visual Studio Solution File, Format Version 12.00
# Visual Studio 14 
Project("{8BC9CEB8-8B4A-11D0-8D11-00A0C91BC942}") = "IPTCLister", "IPTCLister.vcxproj", "{922B36FB-B01B-4C19-BEFA-79C67D309C19}"
EndProject
Global
	GlobalSection(SolutionConfigurationPlatforms) = preSolution
		Debug|Win32 = Debug|Win32
		Debug|x64 = Debug|x64
	EndGlobalSection
	GlobalSection(ProjectConfigurationPlatforms) = postSolution
		{922B36FB-B01B-4C19-BEFA-79C67D309C19}.Debug|Win32.ActiveCfg = Debug|Win32
		{922B36FB-B01B-4C19-BEFA-79C67D309C19}.Debug|Win32.Build.0 = Debug|Win32
		{922B36FB-B01B-4C19-BEFA-79C67D309C19}.Debug|x64.ActiveCfg = Debug|x64
		{922B36FB-B01B-4C19-BEFA-79C67D309C19}.Debug|x64.Build.0 = Debug|x64
	EndGlobalSection
	GlobalSection(SolutionProperties) = preSolution
		HideSolutionNode = FALSE
	EndGlobalSection
EndGlobal
