
Microsoft Visual Studio Solution File, Format Version 12.00
# Visual Studio 2012
Project("{8BC9CEB8-8B4A-11D0-8D11-00A0C91BC942}") = "mesh", "mesh.vcxproj", "{2BC8A83A-B156-4843-A8F5-F9DD1061BBE0}"
EndProject
Global
	GlobalSection(SolutionConfigurationPlatforms) = preSolution
		Debug|Win32 = Debug|Win32
		Release|Win32 = Release|Win32
	EndGlobalSection
	GlobalSection(ProjectConfigurationPlatforms) = postSolution
		{2BC8A83A-B156-4843-A8F5-F9DD1061BBE0}.Debug|Win32.ActiveCfg = Debug|Win32
		{2BC8A83A-B156-4843-A8F5-F9DD1061BBE0}.Debug|Win32.Build.0 = Debug|Win32
		{2BC8A83A-B156-4843-A8F5-F9DD1061BBE0}.Release|Win32.ActiveCfg = Release|Win32
		{2BC8A83A-B156-4843-A8F5-F9DD1061BBE0}.Release|Win32.Build.0 = Release|Win32
	EndGlobalSection
	GlobalSection(SolutionProperties) = preSolution
		HideSolutionNode = FALSE
	EndGlobalSection
EndGlobal
